{
  "requires": true,
  "lockfileVersion": 1,
  "dependencies": {
    "lucide-react": {
      "version": "0.546.0",
      "resolved": "https://registry.npmjs.org/lucide-react/-/lucide-react-0.546.0.tgz",
      "integrity": "sha512-Z94u6fKT43lKeYHiVyvyR8fT7pwCzDu7RyMPpTvh054+xahSgj4HFQ+NmflvzdXsoAjYGdCguGaFKYuvq0ThCQ=="
    }
  }
}
